
Microsoft Visual Studio Solution File, Format Version 12.00
# Visual Studio Version 16
VisualStudioVersion = 16.0.30717.126
MinimumVisualStudioVersion = 15.0.26124.0
Project("{2150E333-8FDC-42A3-9474-1A3956D46DE8}") = "domain", "domain", "{C3CA3060-8B8A-4A33-8AF1-9AC4A25194A3}"
EndProject
Project("{2150E333-8FDC-42A3-9474-1A3956D46DE8}") = "infrastructure", "infrastructure", "{826B8B02-4F5C-4FF8-B6D8-E982D57CCEBE}"
EndProject
Project("{FAE04EC0-301F-11D3-BF4B-00C04F79EFBC}") = "StoreMemory", "infrastructure\StoreMemory\StoreMemory.csproj", "{F1488120-891B-43B6-BBCC-EB73791085A7}"
EndProject
Project("{FAE04EC0-301F-11D3-BF4B-00C04F79EFBC}") = "Store", "domian\Store\Store.csproj", "{04B0D3E6-4C7D-4D94-BF1C-6E0C0ACC330E}"
EndProject
Project("{2150E333-8FDC-42A3-9474-1A3956D46DE8}") = "Presentation", "Presentation", "{7773327C-7D56-47CD-97E5-1D8DF336DA28}"
EndProject
Project("{FAE04EC0-301F-11D3-BF4B-00C04F79EFBC}") = "Store.Web", "Presentation\Store.Web\Store.Web.csproj", "{BAADE631-7A4B-4EE2-801B-321CA98C20FA}"
EndProject
Global
	GlobalSection(SolutionConfigurationPlatforms) = preSolution
		Debug|Any CPU = Debug|Any CPU
		Debug|x64 = Debug|x64
		Debug|x86 = Debug|x86
		Release|Any CPU = Release|Any CPU
		Release|x64 = Release|x64
		Release|x86 = Release|x86
	EndGlobalSection
	GlobalSection(ProjectConfigurationPlatforms) = postSolution
		{F1488120-891B-43B6-BBCC-EB73791085A7}.Debug|Any CPU.ActiveCfg = Debug|Any CPU
		{F1488120-891B-43B6-BBCC-EB73791085A7}.Debug|Any CPU.Build.0 = Debug|Any CPU
		{F1488120-891B-43B6-BBCC-EB73791085A7}.Debug|x64.ActiveCfg = Debug|Any CPU
		{F1488120-891B-43B6-BBCC-EB73791085A7}.Debug|x64.Build.0 = Debug|Any CPU
		{F1488120-891B-43B6-BBCC-EB73791085A7}.Debug|x86.ActiveCfg = Debug|Any CPU
		{F1488120-891B-43B6-BBCC-EB73791085A7}.Debug|x86.Build.0 = Debug|Any CPU
		{F1488120-891B-43B6-BBCC-EB73791085A7}.Release|Any CPU.ActiveCfg = Release|Any CPU
		{F1488120-891B-43B6-BBCC-EB73791085A7}.Release|Any CPU.Build.0 = Release|Any CPU
		{F1488120-891B-43B6-BBCC-EB73791085A7}.Release|x64.ActiveCfg = Release|Any CPU
		{F1488120-891B-43B6-BBCC-EB73791085A7}.Release|x64.Build.0 = Release|Any CPU
		{F1488120-891B-43B6-BBCC-EB73791085A7}.Release|x86.ActiveCfg = Release|Any CPU
		{F1488120-891B-43B6-BBCC-EB73791085A7}.Release|x86.Build.0 = Release|Any CPU
		{04B0D3E6-4C7D-4D94-BF1C-6E0C0ACC330E}.Debug|Any CPU.ActiveCfg = Debug|Any CPU
		{04B0D3E6-4C7D-4D94-BF1C-6E0C0ACC330E}.Debug|Any CPU.Build.0 = Debug|Any CPU
		{04B0D3E6-4C7D-4D94-BF1C-6E0C0ACC330E}.Debug|x64.ActiveCfg = Debug|Any CPU
		{04B0D3E6-4C7D-4D94-BF1C-6E0C0ACC330E}.Debug|x64.Build.0 = Debug|Any CPU
		{04B0D3E6-4C7D-4D94-BF1C-6E0C0ACC330E}.Debug|x86.ActiveCfg = Debug|Any CPU
		{04B0D3E6-4C7D-4D94-BF1C-6E0C0ACC330E}.Debug|x86.Build.0 = Debug|Any CPU
		{04B0D3E6-4C7D-4D94-BF1C-6E0C0ACC330E}.Release|Any CPU.ActiveCfg = Release|Any CPU
		{04B0D3E6-4C7D-4D94-BF1C-6E0C0ACC330E}.Release|Any CPU.Build.0 = Release|Any CPU
		{04B0D3E6-4C7D-4D94-BF1C-6E0C0ACC330E}.Release|x64.ActiveCfg = Release|Any CPU
		{04B0D3E6-4C7D-4D94-BF1C-6E0C0ACC330E}.Release|x64.Build.0 = Release|Any CPU
		{04B0D3E6-4C7D-4D94-BF1C-6E0C0ACC330E}.Release|x86.ActiveCfg = Release|Any CPU
		{04B0D3E6-4C7D-4D94-BF1C-6E0C0ACC330E}.Release|x86.Build.0 = Release|Any CPU
		{BAADE631-7A4B-4EE2-801B-321CA98C20FA}.Debug|Any CPU.ActiveCfg = Debug|Any CPU
		{BAADE631-7A4B-4EE2-801B-321CA98C20FA}.Debug|Any CPU.Build.0 = Debug|Any CPU
		{BAADE631-7A4B-4EE2-801B-321CA98C20FA}.Debug|x64.ActiveCfg = Debug|Any CPU
		{BAADE631-7A4B-4EE2-801B-321CA98C20FA}.Debug|x64.Build.0 = Debug|Any CPU
		{BAADE631-7A4B-4EE2-801B-321CA98C20FA}.Debug|x86.ActiveCfg = Debug|Any CPU
		{BAADE631-7A4B-4EE2-801B-321CA98C20FA}.Debug|x86.Build.0 = Debug|Any CPU
		{BAADE631-7A4B-4EE2-801B-321CA98C20FA}.Release|Any CPU.ActiveCfg = Release|Any CPU
		{BAADE631-7A4B-4EE2-801B-321CA98C20FA}.Release|Any CPU.Build.0 = Release|Any CPU
		{BAADE631-7A4B-4EE2-801B-321CA98C20FA}.Release|x64.ActiveCfg = Release|Any CPU
		{BAADE631-7A4B-4EE2-801B-321CA98C20FA}.Release|x64.Build.0 = Release|Any CPU
		{BAADE631-7A4B-4EE2-801B-321CA98C20FA}.Release|x86.ActiveCfg = Release|Any CPU
		{BAADE631-7A4B-4EE2-801B-321CA98C20FA}.Release|x86.Build.0 = Release|Any CPU
	EndGlobalSection
	GlobalSection(SolutionProperties) = preSolution
		HideSolutionNode = FALSE
	EndGlobalSection
	GlobalSection(NestedProjects) = preSolution
		{F1488120-891B-43B6-BBCC-EB73791085A7} = {826B8B02-4F5C-4FF8-B6D8-E982D57CCEBE}
		{04B0D3E6-4C7D-4D94-BF1C-6E0C0ACC330E} = {C3CA3060-8B8A-4A33-8AF1-9AC4A25194A3}
		{BAADE631-7A4B-4EE2-801B-321CA98C20FA} = {7773327C-7D56-47CD-97E5-1D8DF336DA28}
	EndGlobalSection
	GlobalSection(ExtensibilityGlobals) = postSolution
		SolutionGuid = {57C22312-9432-4B76-8791-A0CF2FBCD03E}
	EndGlobalSection
EndGlobal
